
Microsoft Visual Studio Solution File, Format Version 12.00
# Visual Studio Version 17
VisualStudioVersion = 17.0.31903.59
MinimumVisualStudioVersion = 10.0.40219.1
Project("{2150E333-8FDC-42A3-9474-1A3956D46DE8}") = "Source", "Source", "{3965AB11-2157-42D6-AB11-5FBA64BC7405}"
EndProject
Project("{FAE04EC0-301F-11D3-BF4B-00C04F79EFBC}") = "MinimalApi", "source\MinimalApi\MinimalApi.csproj", "{57AC8ED2-0015-4A49-AEF8-4BD68F894CCC}"
EndProject
Project("{FAE04EC0-301F-11D3-BF4B-00C04F79EFBC}") = "MinimalApi.Grpc", "source\MinimalApi.Grpc\MinimalApi.Grpc.csproj", "{5ED41951-AAA0-4528-A77A-C52E2E624302}"
EndProject
Global
	GlobalSection(SolutionConfigurationPlatforms) = preSolution
		Debug|Any CPU = Debug|Any CPU
		Release|Any CPU = Release|Any CPU
	EndGlobalSection
	GlobalSection(ProjectConfigurationPlatforms) = postSolution
		{57AC8ED2-0015-4A49-AEF8-4BD68F894CCC}.Debug|Any CPU.ActiveCfg = Debug|Any CPU
		{57AC8ED2-0015-4A49-AEF8-4BD68F894CCC}.Debug|Any CPU.Build.0 = Debug|Any CPU
		{57AC8ED2-0015-4A49-AEF8-4BD68F894CCC}.Release|Any CPU.ActiveCfg = Release|Any CPU
		{57AC8ED2-0015-4A49-AEF8-4BD68F894CCC}.Release|Any CPU.Build.0 = Release|Any CPU
		{5ED41951-AAA0-4528-A77A-C52E2E624302}.Debug|Any CPU.ActiveCfg = Debug|Any CPU
		{5ED41951-AAA0-4528-A77A-C52E2E624302}.Debug|Any CPU.Build.0 = Debug|Any CPU
		{5ED41951-AAA0-4528-A77A-C52E2E624302}.Release|Any CPU.ActiveCfg = Release|Any CPU
		{5ED41951-AAA0-4528-A77A-C52E2E624302}.Release|Any CPU.Build.0 = Release|Any CPU
	EndGlobalSection
	GlobalSection(SolutionProperties) = preSolution
		HideSolutionNode = FALSE
	EndGlobalSection
	GlobalSection(NestedProjects) = preSolution
		{57AC8ED2-0015-4A49-AEF8-4BD68F894CCC} = {3965AB11-2157-42D6-AB11-5FBA64BC7405}
		{5ED41951-AAA0-4528-A77A-C52E2E624302} = {3965AB11-2157-42D6-AB11-5FBA64BC7405}
	EndGlobalSection
	GlobalSection(ExtensibilityGlobals) = postSolution
		SolutionGuid = {B9D6300A-C58F-4CE7-B66A-043724703524}
	EndGlobalSection
EndGlobal
